
Microsoft Visual Studio Solution File, Format Version 11.00
# Visual Studio 2010
Project("{FAE04EC0-301F-11D3-BF4B-00C04F79EFBC}") = "WebApplication1", "WebApplication1\WebApplication1.csproj", "{31D4AF1E-660A-4B48-9D2C-D1C9D968D4FD}"
EndProject
Project("{F184B08F-C81C-45F6-A57F-5ABD9991F28F}") = "TestProject1", "TestProject1\TestProject1.vbproj", "{3D6C8C9E-AC6C-49E0-BC2B-406D0B4CCC6B}"
EndProject
Project("{2150E333-8FDC-42A3-9474-1A3956D46DE8}") = "Solution Items", "Solution Items", "{E6E6F001-F92D-44BD-AC53-3B20AC6245FD}"
	ProjectSection(SolutionItems) = preProject
		Local.testsettings = Local.testsettings
		TraceAndTestImpact.testsettings = TraceAndTestImpact.testsettings
		WebApplication1.vsmdi = WebApplication1.vsmdi
	EndProjectSection
EndProject
Global
	GlobalSection(TestCaseManagementSettings) = postSolution
		CategoryFile = WebApplication1.vsmdi
	EndGlobalSection
	GlobalSection(SolutionConfigurationPlatforms) = preSolution
		Debug|Any CPU = Debug|Any CPU
		Release|Any CPU = Release|Any CPU
	EndGlobalSection
	GlobalSection(ProjectConfigurationPlatforms) = postSolution
		{31D4AF1E-660A-4B48-9D2C-D1C9D968D4FD}.Debug|Any CPU.ActiveCfg = Debug|Any CPU
		{31D4AF1E-660A-4B48-9D2C-D1C9D968D4FD}.Debug|Any CPU.Build.0 = Debug|Any CPU
		{31D4AF1E-660A-4B48-9D2C-D1C9D968D4FD}.Release|Any CPU.ActiveCfg = Release|Any CPU
		{31D4AF1E-660A-4B48-9D2C-D1C9D968D4FD}.Release|Any CPU.Build.0 = Release|Any CPU
		{3D6C8C9E-AC6C-49E0-BC2B-406D0B4CCC6B}.Debug|Any CPU.ActiveCfg = Debug|Any CPU
		{3D6C8C9E-AC6C-49E0-BC2B-406D0B4CCC6B}.Debug|Any CPU.Build.0 = Debug|Any CPU
		{3D6C8C9E-AC6C-49E0-BC2B-406D0B4CCC6B}.Release|Any CPU.ActiveCfg = Release|Any CPU
		{3D6C8C9E-AC6C-49E0-BC2B-406D0B4CCC6B}.Release|Any CPU.Build.0 = Release|Any CPU
	EndGlobalSection
	GlobalSection(SolutionProperties) = preSolution
		HideSolutionNode = FALSE
	EndGlobalSection
EndGlobal
